
Microsoft Visual Studio Solution File, Format Version 12.00
# Visual Studio 15
VisualStudioVersion = 15.0.27428.2037
MinimumVisualStudioVersion = 10.0.40219.1
Project("{FAE04EC0-301F-11D3-BF4B-00C04F79EFBC}") = "Pry_Agencia_Viajes", "Pry_Agencia_Viajes\Pry_Agencia_Viajes.csproj", "{4965B085-A75E-4921-B3B1-CECE474C853E}"
EndProject
Global
	GlobalSection(SolutionConfigurationPlatforms) = preSolution
		Debug|Any CPU = Debug|Any CPU
		Release|Any CPU = Release|Any CPU
	EndGlobalSection
	GlobalSection(ProjectConfigurationPlatforms) = postSolution
		{4965B085-A75E-4921-B3B1-CECE474C853E}.Debug|Any CPU.ActiveCfg = Debug|Any CPU
		{4965B085-A75E-4921-B3B1-CECE474C853E}.Debug|Any CPU.Build.0 = Debug|Any CPU
		{4965B085-A75E-4921-B3B1-CECE474C853E}.Release|Any CPU.ActiveCfg = Release|Any CPU
		{4965B085-A75E-4921-B3B1-CECE474C853E}.Release|Any CPU.Build.0 = Release|Any CPU
	EndGlobalSection
	GlobalSection(SolutionProperties) = preSolution
		HideSolutionNode = FALSE
	EndGlobalSection
	GlobalSection(ExtensibilityGlobals) = postSolution
		SolutionGuid = {62B3F493-9303-40AE-A676-24634130E72D}
	EndGlobalSection
EndGlobal
